<Solution>
  <Folder Name="/services/" />
  <Folder Name="/services/ChatService/" />
  <Folder Name="/services/ChatService/src/">
    <Project Path="services/ChatService/src/Chat.API/Chat.API.csproj" />
    <Project Path="services/ChatService/src/Chat.Application/Chat.Application.csproj" />
    <Project Path="services/ChatService/src/Chat.Domain/Chat.Domain.csproj" />
    <Project Path="services/ChatService/src/Chat.Infrastructure/Chat.Infrastructure.csproj" />
  </Folder>
  <Folder Name="/services/ChatService/tests/">
    <Project Path="services/ChatService/tests/Chat.Tests/Chat.Tests.csproj" />
  </Folder>
  <Folder Name="/services/IdentityService/">
    <Project Path="services/IdentityService/Identity.API/Identity.API.csproj" />
    <Project Path="services/IdentityService/Identity.Application/Identity.Application.csproj" />
    <Project Path="services/IdentityService/Identity.Domain/Identity.Domain.csproj" />
    <Project Path="services/IdentityService/Identity.Infrastructure/Identity.Infrastructure.csproj" />
    <Project Path="services/IdentityService/Identity.Tests/Identity.Tests.csproj" />
  </Folder>
  <Folder Name="/shared/">
    <Project Path="shared/BuildingBlocks/BuildingBlocks.csproj" />
  </Folder>
</Solution>
